
Microsoft Visual Studio Solution File, Format Version 12.00
# Visual Studio Version 18
VisualStudioVersion = 18.1.11312.151
MinimumVisualStudioVersion = 10.0.40219.1
Project("{FAE04EC0-301F-11D3-BF4B-00C04F79EFBC}") = "NaradX.Domain", "src\NaradX.Domain\NaradX.Domain.csproj", "{FB5B929A-C494-EAC5-F8C6-33BDC6FA052B}"
EndProject
Project("{FAE04EC0-301F-11D3-BF4B-00C04F79EFBC}") = "NaradX.Infrastructure", "src\NaradX.Infrastructure\NaradX.Infrastructure.csproj", "{AC432973-5021-18E2-209C-EBF77DBDDAE0}"
EndProject
Project("{FAE04EC0-301F-11D3-BF4B-00C04F79EFBC}") = "NaradX.Business", "src\NaradX.Business\NaradX.Business.csproj", "{6F380B3A-106B-3665-42B9-9897F2037F01}"
EndProject
Project("{FAE04EC0-301F-11D3-BF4B-00C04F79EFBC}") = "NaradX.API", "src\NaradX.API\NaradX.API.csproj", "{C82C3225-CC1C-1FE9-9387-C0A2846BD6EA}"
EndProject
Project("{2150E333-8FDC-42A3-9474-1A3956D46DE8}") = "src", "src", "{39BA8D92-C249-42EF-ABD3-3B86D3485B3C}"
EndProject
Project("{2150E333-8FDC-42A3-9474-1A3956D46DE8}") = "tests", "tests", "{27C7514D-21EA-49DB-A6EB-0ADC96CF46FB}"
EndProject
Project("{FAE04EC0-301F-11D3-BF4B-00C04F79EFBC}") = "NaradX.IntegrationTests", "tests\NaradX.IntegrationTests\NaradX.IntegrationTests.csproj", "{3AF34F49-FC11-BB11-FFD4-92D9E36D8788}"
EndProject
Project("{FAE04EC0-301F-11D3-BF4B-00C04F79EFBC}") = "NaradX.UnitTests", "tests\NaradX.UnitTests\NaradX.UnitTests.csproj", "{ACA9B501-CDA8-7DBD-1BAF-BBD8F5CDAC09}"
EndProject
Global
	GlobalSection(SolutionConfigurationPlatforms) = preSolution
		Debug|Any CPU = Debug|Any CPU
		Release|Any CPU = Release|Any CPU
	EndGlobalSection
	GlobalSection(ProjectConfigurationPlatforms) = postSolution
		{FB5B929A-C494-EAC5-F8C6-33BDC6FA052B}.Debug|Any CPU.ActiveCfg = Debug|Any CPU
		{FB5B929A-C494-EAC5-F8C6-33BDC6FA052B}.Debug|Any CPU.Build.0 = Debug|Any CPU
		{FB5B929A-C494-EAC5-F8C6-33BDC6FA052B}.Release|Any CPU.ActiveCfg = Release|Any CPU
		{FB5B929A-C494-EAC5-F8C6-33BDC6FA052B}.Release|Any CPU.Build.0 = Release|Any CPU
		{AC432973-5021-18E2-209C-EBF77DBDDAE0}.Debug|Any CPU.ActiveCfg = Debug|Any CPU
		{AC432973-5021-18E2-209C-EBF77DBDDAE0}.Debug|Any CPU.Build.0 = Debug|Any CPU
		{AC432973-5021-18E2-209C-EBF77DBDDAE0}.Release|Any CPU.ActiveCfg = Release|Any CPU
		{AC432973-5021-18E2-209C-EBF77DBDDAE0}.Release|Any CPU.Build.0 = Release|Any CPU
		{6F380B3A-106B-3665-42B9-9897F2037F01}.Debug|Any CPU.ActiveCfg = Debug|Any CPU
		{6F380B3A-106B-3665-42B9-9897F2037F01}.Debug|Any CPU.Build.0 = Debug|Any CPU
		{6F380B3A-106B-3665-42B9-9897F2037F01}.Release|Any CPU.ActiveCfg = Release|Any CPU
		{6F380B3A-106B-3665-42B9-9897F2037F01}.Release|Any CPU.Build.0 = Release|Any CPU
		{C82C3225-CC1C-1FE9-9387-C0A2846BD6EA}.Debug|Any CPU.ActiveCfg = Debug|Any CPU
		{C82C3225-CC1C-1FE9-9387-C0A2846BD6EA}.Debug|Any CPU.Build.0 = Debug|Any CPU
		{C82C3225-CC1C-1FE9-9387-C0A2846BD6EA}.Release|Any CPU.ActiveCfg = Release|Any CPU
		{C82C3225-CC1C-1FE9-9387-C0A2846BD6EA}.Release|Any CPU.Build.0 = Release|Any CPU
		{3AF34F49-FC11-BB11-FFD4-92D9E36D8788}.Debug|Any CPU.ActiveCfg = Debug|Any CPU
		{3AF34F49-FC11-BB11-FFD4-92D9E36D8788}.Debug|Any CPU.Build.0 = Debug|Any CPU
		{3AF34F49-FC11-BB11-FFD4-92D9E36D8788}.Release|Any CPU.ActiveCfg = Release|Any CPU
		{3AF34F49-FC11-BB11-FFD4-92D9E36D8788}.Release|Any CPU.Build.0 = Release|Any CPU
		{ACA9B501-CDA8-7DBD-1BAF-BBD8F5CDAC09}.Debug|Any CPU.ActiveCfg = Debug|Any CPU
		{ACA9B501-CDA8-7DBD-1BAF-BBD8F5CDAC09}.Debug|Any CPU.Build.0 = Debug|Any CPU
		{ACA9B501-CDA8-7DBD-1BAF-BBD8F5CDAC09}.Release|Any CPU.ActiveCfg = Release|Any CPU
		{ACA9B501-CDA8-7DBD-1BAF-BBD8F5CDAC09}.Release|Any CPU.Build.0 = Release|Any CPU
	EndGlobalSection
	GlobalSection(SolutionProperties) = preSolution
		HideSolutionNode = FALSE
	EndGlobalSection
	GlobalSection(NestedProjects) = preSolution
		{FB5B929A-C494-EAC5-F8C6-33BDC6FA052B} = {39BA8D92-C249-42EF-ABD3-3B86D3485B3C}
		{AC432973-5021-18E2-209C-EBF77DBDDAE0} = {39BA8D92-C249-42EF-ABD3-3B86D3485B3C}
		{6F380B3A-106B-3665-42B9-9897F2037F01} = {39BA8D92-C249-42EF-ABD3-3B86D3485B3C}
		{C82C3225-CC1C-1FE9-9387-C0A2846BD6EA} = {39BA8D92-C249-42EF-ABD3-3B86D3485B3C}
		{3AF34F49-FC11-BB11-FFD4-92D9E36D8788} = {27C7514D-21EA-49DB-A6EB-0ADC96CF46FB}
		{ACA9B501-CDA8-7DBD-1BAF-BBD8F5CDAC09} = {27C7514D-21EA-49DB-A6EB-0ADC96CF46FB}
	EndGlobalSection
	GlobalSection(ExtensibilityGlobals) = postSolution
		SolutionGuid = {401CBF12-E26F-4A52-84C4-5A0ADC000CD4}
	EndGlobalSection
EndGlobal
